// !$*UTF8*$!
{
	archiveVersion = 1;
	classes = {
	};
	objectVersion = 55;
	objects = {

/* Begin PBXBuildFile section */
		F7FE988628D59923002D1C84 /* AppDelegate.swift in Sources */ = {isa = PBXBuildFile; fileRef = F7FE988528D59923002D1C84 /* AppDelegate.swift */; };
		F7FE988828D59923002D1C84 /* SceneDelegate.swift in Sources */ = {isa = PBXBuildFile; fileRef = F7FE988728D59923002D1C84 /* SceneDelegate.swift */; };
		F7FE988A28D59923002D1C84 /* ViewController.swift in Sources */ = {isa = PBXBuildFile; fileRef = F7FE988928D59923002D1C84 /* ViewController.swift */; };
		F7FE988F28D59927002D1C84 /* Assets.xcassets in Resources */ = {isa = PBXBuildFile; fileRef = F7FE988E28D59927002D1C84 /* Assets.xcassets */; };
		F7FE989228D59927002D1C84 /* LaunchScreen.storyboard in Resources */ = {isa = PBXBuildFile; fileRef = F7FE989028D59927002D1C84 /* LaunchScreen.storyboard */; };
		F7FE989B28D5A4C2002D1C84 /* APIKey.swift in Sources */ = {isa = PBXBuildFile; fileRef = F7FE989A28D5A4C2002D1C84 /* APIKey.swift */; };
		F7FE989E28D5A5B3002D1C84 /* News.swift in Sources */ = {isa = PBXBuildFile; fileRef = F7FE989D28D5A5B3002D1C84 /* News.swift */; };
		F7FE98A128D5AE9D002D1C84 /* NetworkManager.swift in Sources */ = {isa = PBXBuildFile; fileRef = F7FE98A028D5AE9D002D1C84 /* NetworkManager.swift */; };
		F7FE98A428D70938002D1C84 /* NewsViewModel.swift in Sources */ = {isa = PBXBuildFile; fileRef = F7FE98A328D70938002D1C84 /* NewsViewModel.swift */; };
		F7FE98A628D70B20002D1C84 /* NewsListViewModel.swift in Sources */ = {isa = PBXBuildFile; fileRef = F7FE98A528D70B20002D1C84 /* NewsListViewModel.swift */; };
		F7FE98A928D70F04002D1C84 /* HeaderView.swift in Sources */ = {isa = PBXBuildFile; fileRef = F7FE98A828D70F04002D1C84 /* HeaderView.swift */; };
		F7FE98AB28D780C2002D1C84 /* ShadowImageView.swift in Sources */ = {isa = PBXBuildFile; fileRef = F7FE98AA28D780C2002D1C84 /* ShadowImageView.swift */; };
		F7FE98AD28D7914B002D1C84 /* NewsTableViewCell.swift in Sources */ = {isa = PBXBuildFile; fileRef = F7FE98AC28D7914B002D1C84 /* NewsTableViewCell.swift */; };
/* End PBXBuildFile section */

/* Begin PBXFileReference section */
		F7FE988228D59923002D1C84 /* NewsApp.app */ = {isa = PBXFileReference; explicitFileType = wrapper.application; includeInIndex = 0; path = NewsApp.app; sourceTree = BUILT_PRODUCTS_DIR; };
		F7FE988528D59923002D1C84 /* AppDelegate.swift */ = {isa = PBXFileReference; lastKnownFileType = sourcecode.swift; path = AppDelegate.swift; sourceTree = "<group>"; };
		F7FE988728D59923002D1C84 /* SceneDelegate.swift */ = {isa = PBXFileReference; lastKnownFileType = sourcecode.swift; path = SceneDelegate.swift; sourceTree = "<group>"; };
		F7FE988928D59923002D1C84 /* ViewController.swift */ = {isa = PBXFileReference; lastKnownFileType = sourcecode.swift; path = ViewController.swift; sourceTree = "<group>"; };
		F7FE988E28D59927002D1C84 /* Assets.xcassets */ = {isa = PBXFileReference; lastKnownFileType = folder.assetcatalog; path = Assets.xcassets; sourceTree = "<group>"; };
		F7FE989128D59927002D1C84 /* Base */ = {isa = PBXFileReference; lastKnownFileType = file.storyboard; name = Base; path = Base.lproj/LaunchScreen.storyboard; sourceTree = "<group>"; };
		F7FE989328D59927002D1C84 /* Info.plist */ = {isa = PBXFileReference; lastKnownFileType = text.plist.xml; path = Info.plist; sourceTree = "<group>"; };
		F7FE989A28D5A4C2002D1C84 /* APIKey.swift */ = {isa = PBXFileReference; lastKnownFileType = sourcecode.swift; path = APIKey.swift; sourceTree = "<group>"; };
		F7FE989D28D5A5B3002D1C84 /* News.swift */ = {isa = PBXFileReference; lastKnownFileType = sourcecode.swift; path = News.swift; sourceTree = "<group>"; };
		F7FE98A028D5AE9D002D1C84 /* NetworkManager.swift */ = {isa = PBXFileReference; lastKnownFileType = sourcecode.swift; path = NetworkManager.swift; sourceTree = "<group>"; };
		F7FE98A328D70938002D1C84 /* NewsViewModel.swift */ = {isa = PBXFileReference; lastKnownFileType = sourcecode.swift; path = NewsViewModel.swift; sourceTree = "<group>"; };
		F7FE98A528D70B20002D1C84 /* NewsListViewModel.swift */ = {isa = PBXFileReference; lastKnownFileType = sourcecode.swift; path = NewsListViewModel.swift; sourceTree = "<group>"; };
		F7FE98A828D70F04002D1C84 /* HeaderView.swift */ = {isa = PBXFileReference; lastKnownFileType = sourcecode.swift; path = HeaderView.swift; sourceTree = "<group>"; };
		F7FE98AA28D780C2002D1C84 /* ShadowImageView.swift */ = {isa = PBXFileReference; lastKnownFileType = sourcecode.swift; path = ShadowImageView.swift; sourceTree = "<group>"; };
		F7FE98AC28D7914B002D1C84 /* NewsTableViewCell.swift */ = {isa = PBXFileReference; lastKnownFileType = sourcecode.swift; path = NewsTableViewCell.swift; sourceTree = "<group>"; };
/* End PBXFileReference section */

/* Begin PBXFrameworksBuildPhase section */
		F7FE987F28D59923002D1C84 /* Frameworks */ = {
			isa = PBXFrameworksBuildPhase;
			buildActionMask = 2147483647;
			files = (
			);
			runOnlyForDeploymentPostprocessing = 0;
		};
/* End PBXFrameworksBuildPhase section */

/* Begin PBXGroup section */
		F7FE987928D59923002D1C84 = {
			isa = PBXGroup;
			children = (
				F7FE988428D59923002D1C84 /* NewsApp */,
				F7FE988328D59923002D1C84 /* Products */,
			);
			sourceTree = "<group>";
		};
		F7FE988328D59923002D1C84 /* Products */ = {
			isa = PBXGroup;
			children = (
				F7FE988228D59923002D1C84 /* NewsApp.app */,
			);
			name = Products;
			sourceTree = "<group>";
		};
		F7FE988428D59923002D1C84 /* NewsApp */ = {
			isa = PBXGroup;
			children = (
				F7FE988528D59923002D1C84 /* AppDelegate.swift */,
				F7FE988728D59923002D1C84 /* SceneDelegate.swift */,
				F7FE988928D59923002D1C84 /* ViewController.swift */,
				F7FE989C28D5A578002D1C84 /* Models */,
				F7FE98A728D70EDC002D1C84 /* Views */,
				F7FE98A228D7090A002D1C84 /* ViewModels */,
				F7FE989F28D5AE64002D1C84 /* Services */,
				F7FE989928D5A486002D1C84 /* Config */,
				F7FE988E28D59927002D1C84 /* Assets.xcassets */,
				F7FE989028D59927002D1C84 /* LaunchScreen.storyboard */,
				F7FE989328D59927002D1C84 /* Info.plist */,
			);
			path = NewsApp;
			sourceTree = "<group>";
		};
		F7FE989928D5A486002D1C84 /* Config */ = {
			isa = PBXGroup;
			children = (
				F7FE989A28D5A4C2002D1C84 /* APIKey.swift */,
			);
			path = Config;
			sourceTree = "<group>";
		};
		F7FE989C28D5A578002D1C84 /* Models */ = {
			isa = PBXGroup;
			children = (
				F7FE989D28D5A5B3002D1C84 /* News.swift */,
			);
			path = Models;
			sourceTree = "<group>";
		};
		F7FE989F28D5AE64002D1C84 /* Services */ = {
			isa = PBXGroup;
			children = (
				F7FE98A028D5AE9D002D1C84 /* NetworkManager.swift */,
			);
			path = Services;
			sourceTree = "<group>";
		};
		F7FE98A228D7090A002D1C84 /* ViewModels */ = {
			isa = PBXGroup;
			children = (
				F7FE98A328D70938002D1C84 /* NewsViewModel.swift */,
				F7FE98A528D70B20002D1C84 /* NewsListViewModel.swift */,
			);
			path = ViewModels;
			sourceTree = "<group>";
		};
		F7FE98A728D70EDC002D1C84 /* Views */ = {
			isa = PBXGroup;
			children = (
				F7FE98A828D70F04002D1C84 /* HeaderView.swift */,
				F7FE98AA28D780C2002D1C84 /* ShadowImageView.swift */,
				F7FE98AC28D7914B002D1C84 /* NewsTableViewCell.swift */,
			);
			path = Views;
			sourceTree = "<group>";
		};
/* End PBXGroup section */

/* Begin PBXNativeTarget section */
		F7FE988128D59923002D1C84 /* NewsApp */ = {
			isa = PBXNativeTarget;
			buildConfigurationList = F7FE989628D59927002D1C84 /* Build configuration list for PBXNativeTarget "NewsApp" */;
			buildPhases = (
				F7FE987E28D59923002D1C84 /* Sources */,
				F7FE987F28D59923002D1C84 /* Frameworks */,
				F7FE988028D59923002D1C84 /* Resources */,
			);
			buildRules = (
			);
			dependencies = (
			);
			name = NewsApp;
			productName = NewsApp;
			productReference = F7FE988228D59923002D1C84 /* NewsApp.app */;
			productType = "com.apple.product-type.application";
		};
/* End PBXNativeTarget section */

/* Begin PBXProject section */
		F7FE987A28D59923002D1C84 /* Project object */ = {
			isa = PBXProject;
			attributes = {
				BuildIndependentTargetsInParallel = 1;
				LastSwiftUpdateCheck = 1320;
				LastUpgradeCheck = 1320;
				TargetAttributes = {
					F7FE988128D59923002D1C84 = {
						CreatedOnToolsVersion = 13.2.1;
					};
				};
			};
			buildConfigurationList = F7FE987D28D59923002D1C84 /* Build configuration list for PBXProject "NewsApp" */;
			compatibilityVersion = "Xcode 13.0";
			developmentRegion = en;
			hasScannedForEncodings = 0;
			knownRegions = (
				en,
				Base,
			);
			mainGroup = F7FE987928D59923002D1C84;
			productRefGroup = F7FE988328D59923002D1C84 /* Products */;
			projectDirPath = "";
			projectRoot = "";
			targets = (
				F7FE988128D59923002D1C84 /* NewsApp */,
			);
		};
/* End PBXProject section */

/* Begin PBXResourcesBuildPhase section */
		F7FE988028D59923002D1C84 /* Resources */ = {
			isa = PBXResourcesBuildPhase;
			buildActionMask = 2147483647;
			files = (
				F7FE989228D59927002D1C84 /* LaunchScreen.storyboard in Resources */,
				F7FE988F28D59927002D1C84 /* Assets.xcassets in Resources */,
			);
			runOnlyForDeploymentPostprocessing = 0;
		};
/* End PBXResourcesBuildPhase section */

/* Begin PBXSourcesBuildPhase section */
		F7FE987E28D59923002D1C84 /* Sources */ = {
			isa = PBXSourcesBuildPhase;
			buildActionMask = 2147483647;
			files = (
				F7FE98A128D5AE9D002D1C84 /* NetworkManager.swift in Sources */,
				F7FE98AD28D7914B002D1C84 /* NewsTableViewCell.swift in Sources */,
				F7FE98A928D70F04002D1C84 /* HeaderView.swift in Sources */,
				F7FE988A28D59923002D1C84 /* ViewController.swift in Sources */,
				F7FE988628D59923002D1C84 /* AppDelegate.swift in Sources */,
				F7FE989B28D5A4C2002D1C84 /* APIKey.swift in Sources */,
				F7FE98A428D70938002D1C84 /* NewsViewModel.swift in Sources */,
				F7FE989E28D5A5B3002D1C84 /* News.swift in Sources */,
				F7FE988828D59923002D1C84 /* SceneDelegate.swift in Sources */,
				F7FE98AB28D780C2002D1C84 /* ShadowImageView.swift in Sources */,
				F7FE98A628D70B20002D1C84 /* NewsListViewModel.swift in Sources */,
			);
			runOnlyForDeploymentPostprocessing = 0;
		};
/* End PBXSourcesBuildPhase section */

/* Begin PBXVariantGroup section */
		F7FE989028D59927002D1C84 /* LaunchScreen.storyboard */ = {
			isa = PBXVariantGroup;
			children = (
				F7FE989128D59927002D1C84 /* Base */,
			);
			name = LaunchScreen.storyboard;
			sourceTree = "<group>";
		};
/* End PBXVariantGroup section */

/* Begin XCBuildConfiguration section */
		F7FE989428D59927002D1C84 /* Debug */ = {
			isa = XCBuildConfiguration;
			buildSettings = {
				ALWAYS_SEARCH_USER_PATHS = NO;
				CLANG_ANALYZER_NONNULL = YES;
				CLANG_ANALYZER_NUMBER_OBJECT_CONVERSION = YES_AGGRESSIVE;
				CLANG_CXX_LANGUAGE_STANDARD = "gnu++17";
				CLANG_CXX_LIBRARY = "libc++";
				CLANG_ENABLE_MODULES = YES;
				CLANG_ENABLE_OBJC_ARC = YES;
				CLANG_ENABLE_OBJC_WEAK = YES;
				CLANG_WARN_BLOCK_CAPTURE_AUTORELEASING = YES;
				CLANG_WARN_BOOL_CONVERSION = YES;
				CLANG_WARN_COMMA = YES;
				CLANG_WARN_CONSTANT_CONVERSION = YES;
				CLANG_WARN_DEPRECATED_OBJC_IMPLEMENTATIONS = YES;
				CLANG_WARN_DIRECT_OBJC_ISA_USAGE = YES_ERROR;
				CLANG_WARN_DOCUMENTATION_COMMENTS = YES;
				CLANG_WARN_EMPTY_BODY = YES;
				CLANG_WARN_ENUM_CONVERSION = YES;
				CLANG_WARN_INFINITE_RECURSION = YES;
				CLANG_WARN_INT_CONVERSION = YES;
				CLANG_WARN_NON_LITERAL_NULL_CONVERSION = YES;
				CLANG_WARN_OBJC_IMPLICIT_RETAIN_SELF = YES;
				CLANG_WARN_OBJC_LITERAL_CONVERSION = YES;
				CLANG_WARN_OBJC_ROOT_CLASS = YES_ERROR;
				CLANG_WARN_QUOTED_INCLUDE_IN_FRAMEWORK_HEADER = YES;
				CLANG_WARN_RANGE_LOOP_ANALYSIS = YES;
				CLANG_WARN_STRICT_PROTOTYPES = YES;
				CLANG_WARN_SUSPICIOUS_MOVE = YES;
				CLANG_WARN_UNGUARDED_AVAILABILITY = YES_AGGRESSIVE;
				CLANG_WARN_UNREACHABLE_CODE = YES;
				CLANG_WARN__DUPLICATE_METHOD_MATCH = YES;
				COPY_PHASE_STRIP = NO;
				DEBUG_INFORMATION_FORMAT = dwarf;
				ENABLE_STRICT_OBJC_MSGSEND = YES;
				ENABLE_TESTABILITY = YES;
				GCC_C_LANGUAGE_STANDARD = gnu11;
				GCC_DYNAMIC_NO_PIC = NO;
				GCC_NO_COMMON_BLOCKS = YES;
				GCC_OPTIMIZATION_LEVEL = 0;
				GCC_PREPROCESSOR_DEFINITIONS = (
					"DEBUG=1",
					"$(inherited)",
				);
				GCC_WARN_64_TO_32_BIT_CONVERSION = YES;
				GCC_WARN_ABOUT_RETURN_TYPE = YES_ERROR;
				GCC_WARN_UNDECLARED_SELECTOR = YES;
				GCC_WARN_UNINITIALIZED_AUTOS = YES_AGGRESSIVE;
				GCC_WARN_UNUSED_FUNCTION = YES;
				GCC_WARN_UNUSED_VARIABLE = YES;
				IPHONEOS_DEPLOYMENT_TARGET = 15.2;
				MTL_ENABLE_DEBUG_INFO = INCLUDE_SOURCE;
				MTL_FAST_MATH = YES;
				ONLY_ACTIVE_ARCH = YES;
				SDKROOT = iphoneos;
				SWIFT_ACTIVE_COMPILATION_CONDITIONS = DEBUG;
				SWIFT_OPTIMIZATION_LEVEL = "-Onone";
			};
			name = Debug;
		};
		F7FE989528D59927002D1C84 /* Release */ = {
			isa = XCBuildConfiguration;
			buildSettings = {
				ALWAYS_SEARCH_USER_PATHS = NO;
				CLANG_ANALYZER_NONNULL = YES;
				CLANG_ANALYZER_NUMBER_OBJECT_CONVERSION = YES_AGGRESSIVE;
				CLANG_CXX_LANGUAGE_STANDARD = "gnu++17";
				CLANG_CXX_LIBRARY = "libc++";
				CLANG_ENABLE_MODULES = YES;
				CLANG_ENABLE_OBJC_ARC = YES;
				CLANG_ENABLE_OBJC_WEAK = YES;
				CLANG_WARN_BLOCK_CAPTURE_AUTORELEASING = YES;
				CLANG_WARN_BOOL_CONVERSION = YES;
				CLANG_WARN_COMMA = YES;
				CLANG_WARN_CONSTANT_CONVERSION = YES;
				CLANG_WARN_DEPRECATED_OBJC_IMPLEMENTATIONS = YES;
				CLANG_WARN_DIRECT_OBJC_ISA_USAGE = YES_ERROR;
				CLANG_WARN_DOCUMENTATION_COMMENTS = YES;
				CLANG_WARN_EMPTY_BODY = YES;
				CLANG_WARN_ENUM_CONVERSION = YES;
				CLANG_WARN_INFINITE_RECURSION = YES;
				CLANG_WARN_INT_CONVERSION = YES;
				CLANG_WARN_NON_LITERAL_NULL_CONVERSION = YES;
				CLANG_WARN_OBJC_IMPLICIT_RETAIN_SELF = YES;
				CLANG_WARN_OBJC_LITERAL_CONVERSION = YES;
				CLANG_WARN_OBJC_ROOT_CLASS = YES_ERROR;
				CLANG_WARN_QUOTED_INCLUDE_IN_FRAMEWORK_HEADER = YES;
				CLANG_WARN_RANGE_LOOP_ANALYSIS = YES;
				CLANG_WARN_STRICT_PROTOTYPES = YES;
				CLANG_WARN_SUSPICIOUS_MOVE = YES;
				CLANG_WARN_UNGUARDED_AVAILABILITY = YES_AGGRESSIVE;
				CLANG_WARN_UNREACHABLE_CODE = YES;
				CLANG_WARN__DUPLICATE_METHOD_MATCH = YES;
				COPY_PHASE_STRIP = NO;
				DEBUG_INFORMATION_FORMAT = "dwarf-with-dsym";
				ENABLE_NS_ASSERTIONS = NO;
				ENABLE_STRICT_OBJC_MSGSEND = YES;
				GCC_C_LANGUAGE_STANDARD = gnu11;
				GCC_NO_COMMON_BLOCKS = YES;
				GCC_WARN_64_TO_32_BIT_CONVERSION = YES;
				GCC_WARN_ABOUT_RETURN_TYPE = YES_ERROR;
				GCC_WARN_UNDECLARED_SELECTOR = YES;
				GCC_WARN_UNINITIALIZED_AUTOS = YES_AGGRESSIVE;
				GCC_WARN_UNUSED_FUNCTION = YES;
				GCC_WARN_UNUSED_VARIABLE = YES;
				IPHONEOS_DEPLOYMENT_TARGET = 15.2;
				MTL_ENABLE_DEBUG_INFO = NO;
				MTL_FAST_MATH = YES;
				SDKROOT = iphoneos;
				SWIFT_COMPILATION_MODE = wholemodule;
				SWIFT_OPTIMIZATION_LEVEL = "-O";
				VALIDATE_PRODUCT = YES;
			};
			name = Release;
		};
		F7FE989728D59927002D1C84 /* Debug */ = {
			isa = XCBuildConfiguration;
			buildSettings = {
				ASSETCATALOG_COMPILER_APPICON_NAME = AppIcon;
				ASSETCATALOG_COMPILER_GLOBAL_ACCENT_COLOR_NAME = AccentColor;
				CODE_SIGN_STYLE = Automatic;
				CURRENT_PROJECT_VERSION = 1;
				GENERATE_INFOPLIST_FILE = YES;
				INFOPLIST_FILE = NewsApp/Info.plist;
				INFOPLIST_KEY_UIApplicationSupportsIndirectInputEvents = YES;
				INFOPLIST_KEY_UILaunchStoryboardName = LaunchScreen;
				INFOPLIST_KEY_UISupportedInterfaceOrientations_iPad = "UIInterfaceOrientationPortrait UIInterfaceOrientationPortraitUpsideDown UIInterfaceOrientationLandscapeLeft UIInterfaceOrientationLandscapeRight";
				INFOPLIST_KEY_UISupportedInterfaceOrientations_iPhone = "UIInterfaceOrientationPortrait UIInterfaceOrientationLandscapeLeft UIInterfaceOrientationLandscapeRight";
				LD_RUNPATH_SEARCH_PATHS = (
					"$(inherited)",
					"@executable_path/Frameworks",
				);
				MARKETING_VERSION = 1.0;
				PRODUCT_BUNDLE_IDENTIFIER = com.razaqaisar.NewsApp;
				PRODUCT_NAME = "$(TARGET_NAME)";
				SWIFT_EMIT_LOC_STRINGS = YES;
				SWIFT_VERSION = 5.0;
				TARGETED_DEVICE_FAMILY = "1,2";
			};
			name = Debug;
		};
		F7FE989828D59927002D1C84 /* Release */ = {
			isa = XCBuildConfiguration;
			buildSettings = {
				ASSETCATALOG_COMPILER_APPICON_NAME = AppIcon;
				ASSETCATALOG_COMPILER_GLOBAL_ACCENT_COLOR_NAME = AccentColor;
				CODE_SIGN_STYLE = Automatic;
				CURRENT_PROJECT_VERSION = 1;
				GENERATE_INFOPLIST_FILE = YES;
				INFOPLIST_FILE = NewsApp/Info.plist;
				INFOPLIST_KEY_UIApplicationSupportsIndirectInputEvents = YES;
				INFOPLIST_KEY_UILaunchStoryboardName = LaunchScreen;
				INFOPLIST_KEY_UISupportedInterfaceOrientations_iPad = "UIInterfaceOrientationPortrait UIInterfaceOrientationPortraitUpsideDown UIInterfaceOrientationLandscapeLeft UIInterfaceOrientationLandscapeRight";
				INFOPLIST_KEY_UISupportedInterfaceOrientations_iPhone = "UIInterfaceOrientationPortrait UIInterfaceOrientationLandscapeLeft UIInterfaceOrientationLandscapeRight";
				LD_RUNPATH_SEARCH_PATHS = (
					"$(inherited)",
					"@executable_path/Frameworks",
				);
				MARKETING_VERSION = 1.0;
				PRODUCT_BUNDLE_IDENTIFIER = com.razaqaisar.NewsApp;
				PRODUCT_NAME = "$(TARGET_NAME)";
				SWIFT_EMIT_LOC_STRINGS = YES;
				SWIFT_VERSION = 5.0;
				TARGETED_DEVICE_FAMILY = "1,2";
			};
			name = Release;
		};
/* End XCBuildConfiguration section */

/* Begin XCConfigurationList section */
		F7FE987D28D59923002D1C84 /* Build configuration list for PBXProject "NewsApp" */ = {
			isa = XCConfigurationList;
			buildConfigurations = (
				F7FE989428D59927002D1C84 /* Debug */,
				F7FE989528D59927002D1C84 /* Release */,
			);
			defaultConfigurationIsVisible = 0;
			defaultConfigurationName = Release;
		};
		F7FE989628D59927002D1C84 /* Build configuration list for PBXNativeTarget "NewsApp" */ = {
			isa = XCConfigurationList;
			buildConfigurations = (
				F7FE989728D59927002D1C84 /* Debug */,
				F7FE989828D59927002D1C84 /* Release */,
			);
			defaultConfigurationIsVisible = 0;
			defaultConfigurationName = Release;
		};
/* End XCConfigurationList section */
	};
	rootObject = F7FE987A28D59923002D1C84 /* Project object */;
}
